
Microsoft Visual Studio Solution File, Format Version 12.00
# Visual Studio 16
Project("{FAE04EC0-301F-11D3-BF4B-00C04F79EFBC}") = "Assembly-CSharp", "Assembly-CSharp.csproj", "{392689A0-A689-A5D9-245E-1FB62D8D1B1E}"
EndProject
Global
	GlobalSection(SolutionConfigurationPlatforms) = preSolution
		Debug|Any CPU = Debug|Any CPU
		Release|Any CPU = Release|Any CPU
	EndGlobalSection
	GlobalSection(ProjectConfigurationPlatforms) = postSolution
		{392689A0-A689-A5D9-245E-1FB62D8D1B1E}.Debug|Any CPU.ActiveCfg = Debug|Any CPU
		{392689A0-A689-A5D9-245E-1FB62D8D1B1E}.Debug|Any CPU.Build.0 = Debug|Any CPU
		{392689A0-A689-A5D9-245E-1FB62D8D1B1E}.Release|Any CPU.ActiveCfg = Release|Any CPU
		{392689A0-A689-A5D9-245E-1FB62D8D1B1E}.Release|Any CPU.Build.0 = Release|Any CPU
	EndGlobalSection
	GlobalSection(SolutionProperties) = preSolution
		HideSolutionNode = FALSE
	EndGlobalSection
EndGlobal
